
Microsoft Visual Studio Solution File, Format Version 12.00
# Visual Studio Version 17
VisualStudioVersion = 17.3.32825.248
MinimumVisualStudioVersion = 10.0.40219.1
Project("{2150E333-8FDC-42A3-9474-1A3956D46DE8}") = "Solution Items", "Solution Items", "{4B4EB921-F77E-4A51-897F-BBA7FA3E3468}"
	ProjectSection(SolutionItems) = preProject
		.editorconfig = .editorconfig
	EndProjectSection
EndProject
Project("{FAE04EC0-301F-11D3-BF4B-00C04F79EFBC}") = "MimeKit.Core", "MimeKit\MimeKit.Core.csproj", "{4D0AB600-79F2-46DA-91A9-1ECA3B046F4C}"
EndProject
Project("{FAE04EC0-301F-11D3-BF4B-00C04F79EFBC}") = "MimeKit.Cryptography", "MimeKit.Cryptography\MimeKit.Cryptography.csproj", "{5F9AC9DC-24E1-43F9-B34C-03DB6CD4FA00}"
EndProject
Project("{FAE04EC0-301F-11D3-BF4B-00C04F79EFBC}") = "Benchmarks", "Benchmarks\Benchmarks.csproj", "{96F98670-DEB4-4BDA-86CD-8E0D662EBD99}"
EndProject
Project("{FAE04EC0-301F-11D3-BF4B-00C04F79EFBC}") = "UnitTests", "UnitTests\UnitTests.csproj", "{49947979-FDF0-499F-85FE-4AB33E39434F}"
EndProject
Global
	GlobalSection(SolutionConfigurationPlatforms) = preSolution
		Debug|Any CPU = Debug|Any CPU
		Debug|x64 = Debug|x64
		Debug|x86 = Debug|x86
		Release|Any CPU = Release|Any CPU
		Release|x64 = Release|x64
		Release|x86 = Release|x86
	EndGlobalSection
	GlobalSection(ProjectConfigurationPlatforms) = postSolution
		{4D0AB600-79F2-46DA-91A9-1ECA3B046F4C}.Debug|Any CPU.ActiveCfg = Debug|Any CPU
		{4D0AB600-79F2-46DA-91A9-1ECA3B046F4C}.Debug|Any CPU.Build.0 = Debug|Any CPU
		{4D0AB600-79F2-46DA-91A9-1ECA3B046F4C}.Debug|x64.ActiveCfg = Debug|Any CPU
		{4D0AB600-79F2-46DA-91A9-1ECA3B046F4C}.Debug|x64.Build.0 = Debug|Any CPU
		{4D0AB600-79F2-46DA-91A9-1ECA3B046F4C}.Debug|x86.ActiveCfg = Debug|Any CPU
		{4D0AB600-79F2-46DA-91A9-1ECA3B046F4C}.Debug|x86.Build.0 = Debug|Any CPU
		{4D0AB600-79F2-46DA-91A9-1ECA3B046F4C}.Release|Any CPU.ActiveCfg = Release|Any CPU
		{4D0AB600-79F2-46DA-91A9-1ECA3B046F4C}.Release|Any CPU.Build.0 = Release|Any CPU
		{4D0AB600-79F2-46DA-91A9-1ECA3B046F4C}.Release|x64.ActiveCfg = Release|Any CPU
		{4D0AB600-79F2-46DA-91A9-1ECA3B046F4C}.Release|x64.Build.0 = Release|Any CPU
		{4D0AB600-79F2-46DA-91A9-1ECA3B046F4C}.Release|x86.ActiveCfg = Release|Any CPU
		{4D0AB600-79F2-46DA-91A9-1ECA3B046F4C}.Release|x86.Build.0 = Release|Any CPU
		{5F9AC9DC-24E1-43F9-B34C-03DB6CD4FA00}.Debug|Any CPU.ActiveCfg = Debug|Any CPU
		{5F9AC9DC-24E1-43F9-B34C-03DB6CD4FA00}.Debug|Any CPU.Build.0 = Debug|Any CPU
		{5F9AC9DC-24E1-43F9-B34C-03DB6CD4FA00}.Debug|x64.ActiveCfg = Debug|Any CPU
		{5F9AC9DC-24E1-43F9-B34C-03DB6CD4FA00}.Debug|x64.Build.0 = Debug|Any CPU
		{5F9AC9DC-24E1-43F9-B34C-03DB6CD4FA00}.Debug|x86.ActiveCfg = Debug|Any CPU
		{5F9AC9DC-24E1-43F9-B34C-03DB6CD4FA00}.Debug|x86.Build.0 = Debug|Any CPU
		{5F9AC9DC-24E1-43F9-B34C-03DB6CD4FA00}.Release|Any CPU.ActiveCfg = Release|Any CPU
		{5F9AC9DC-24E1-43F9-B34C-03DB6CD4FA00}.Release|Any CPU.Build.0 = Release|Any CPU
		{5F9AC9DC-24E1-43F9-B34C-03DB6CD4FA00}.Release|x64.ActiveCfg = Release|Any CPU
		{5F9AC9DC-24E1-43F9-B34C-03DB6CD4FA00}.Release|x64.Build.0 = Release|Any CPU
		{5F9AC9DC-24E1-43F9-B34C-03DB6CD4FA00}.Release|x86.ActiveCfg = Release|Any CPU
		{5F9AC9DC-24E1-43F9-B34C-03DB6CD4FA00}.Release|x86.Build.0 = Release|Any CPU
		{96F98670-DEB4-4BDA-86CD-8E0D662EBD99}.Debug|Any CPU.ActiveCfg = Debug|Any CPU
		{96F98670-DEB4-4BDA-86CD-8E0D662EBD99}.Debug|Any CPU.Build.0 = Debug|Any CPU
		{96F98670-DEB4-4BDA-86CD-8E0D662EBD99}.Debug|x64.ActiveCfg = Debug|Any CPU
		{96F98670-DEB4-4BDA-86CD-8E0D662EBD99}.Debug|x64.Build.0 = Debug|Any CPU
		{96F98670-DEB4-4BDA-86CD-8E0D662EBD99}.Debug|x86.ActiveCfg = Debug|Any CPU
		{96F98670-DEB4-4BDA-86CD-8E0D662EBD99}.Debug|x86.Build.0 = Debug|Any CPU
		{96F98670-DEB4-4BDA-86CD-8E0D662EBD99}.Release|Any CPU.ActiveCfg = Release|Any CPU
		{96F98670-DEB4-4BDA-86CD-8E0D662EBD99}.Release|Any CPU.Build.0 = Release|Any CPU
		{96F98670-DEB4-4BDA-86CD-8E0D662EBD99}.Release|x64.ActiveCfg = Release|Any CPU
		{96F98670-DEB4-4BDA-86CD-8E0D662EBD99}.Release|x64.Build.0 = Release|Any CPU
		{96F98670-DEB4-4BDA-86CD-8E0D662EBD99}.Release|x86.ActiveCfg = Release|Any CPU
		{96F98670-DEB4-4BDA-86CD-8E0D662EBD99}.Release|x86.Build.0 = Release|Any CPU
		{49947979-FDF0-499F-85FE-4AB33E39434F}.Debug|Any CPU.ActiveCfg = Debug|Any CPU
		{49947979-FDF0-499F-85FE-4AB33E39434F}.Debug|Any CPU.Build.0 = Debug|Any CPU
		{49947979-FDF0-499F-85FE-4AB33E39434F}.Debug|x64.ActiveCfg = Debug|Any CPU
		{49947979-FDF0-499F-85FE-4AB33E39434F}.Debug|x64.Build.0 = Debug|Any CPU
		{49947979-FDF0-499F-85FE-4AB33E39434F}.Debug|x86.ActiveCfg = Debug|Any CPU
		{49947979-FDF0-499F-85FE-4AB33E39434F}.Debug|x86.Build.0 = Debug|Any CPU
		{49947979-FDF0-499F-85FE-4AB33E39434F}.Release|Any CPU.ActiveCfg = Release|Any CPU
		{49947979-FDF0-499F-85FE-4AB33E39434F}.Release|Any CPU.Build.0 = Release|Any CPU
		{49947979-FDF0-499F-85FE-4AB33E39434F}.Release|x64.ActiveCfg = Release|Any CPU
		{49947979-FDF0-499F-85FE-4AB33E39434F}.Release|x64.Build.0 = Release|Any CPU
		{49947979-FDF0-499F-85FE-4AB33E39434F}.Release|x86.ActiveCfg = Release|Any CPU
		{49947979-FDF0-499F-85FE-4AB33E39434F}.Release|x86.Build.0 = Release|Any CPU
	EndGlobalSection
	GlobalSection(SolutionProperties) = preSolution
		HideSolutionNode = FALSE
	EndGlobalSection
	GlobalSection(ExtensibilityGlobals) = postSolution
		SolutionGuid = {835CB316-68E1-4B7A-9392-920A18AD35CC}
	EndGlobalSection
EndGlobal
