
Microsoft Visual Studio Solution File, Format Version 12.00
# Visual Studio Version 16
VisualStudioVersion = 16.0.30114.105
MinimumVisualStudioVersion = 10.0.40219.1
Project("{2150E333-8FDC-42A3-9474-1A3956D46DE8}") = "Solution Items", "Solution Items", "{A56B6ECE-F1EE-41A2-A92B-18D2BDAFB6A2}"
	ProjectSection(SolutionItems) = preProject
		.editorconfig = .editorconfig
	EndProjectSection
EndProject
Project("{9A19103F-16F7-4668-BE54-9A1E7A4F7556}") = "MimeKitLite", "MimeKit\MimeKitLite.csproj", "{23F999AF-CF50-42FF-A011-D56D68E60FB9}"
EndProject
Global
	GlobalSection(SolutionConfigurationPlatforms) = preSolution
		Debug|Any CPU = Debug|Any CPU
		Release|Any CPU = Release|Any CPU
	EndGlobalSection
	GlobalSection(ProjectConfigurationPlatforms) = postSolution
		{23F999AF-CF50-42FF-A011-D56D68E60FB9}.Debug|Any CPU.ActiveCfg = Debug|Any CPU
		{23F999AF-CF50-42FF-A011-D56D68E60FB9}.Debug|Any CPU.Build.0 = Debug|Any CPU
		{23F999AF-CF50-42FF-A011-D56D68E60FB9}.Release|Any CPU.ActiveCfg = Release|Any CPU
		{23F999AF-CF50-42FF-A011-D56D68E60FB9}.Release|Any CPU.Build.0 = Release|Any CPU
	EndGlobalSection
	GlobalSection(SolutionProperties) = preSolution
		HideSolutionNode = FALSE
	EndGlobalSection
	GlobalSection(ExtensibilityGlobals) = postSolution
		SolutionGuid = {3E07F961-6E08-4E6A-AF55-EC1428E15EAD}
	EndGlobalSection
EndGlobal
