
Microsoft Visual Studio Solution File, Format Version 12.00
# Visual Studio Version 16
VisualStudioVersion = 16.0.29409.12
MinimumVisualStudioVersion = 10.0.40219.1
Project("{FAE04EC0-301F-11D3-BF4B-00C04F79EFBC}") = "MessageReader.iOS", "MessageReader.iOS\MessageReader.iOS.csproj", "{60EA692F-305A-4CF7-97A8-3565CC81310A}"
EndProject
Global
	GlobalSection(SolutionConfigurationPlatforms) = preSolution
		Ad-Hoc|iPhone = Ad-Hoc|iPhone
		Ad-Hoc|iPhoneSimulator = Ad-Hoc|iPhoneSimulator
		AppStore|iPhone = AppStore|iPhone
		AppStore|iPhoneSimulator = AppStore|iPhoneSimulator
		Debug|iPhone = Debug|iPhone
		Debug|iPhoneSimulator = Debug|iPhoneSimulator
		Release|iPhone = Release|iPhone
		Release|iPhoneSimulator = Release|iPhoneSimulator
	EndGlobalSection
	GlobalSection(ProjectConfigurationPlatforms) = postSolution
		{60EA692F-305A-4CF7-97A8-3565CC81310A}.Ad-Hoc|iPhone.ActiveCfg = Release|iPhone
		{60EA692F-305A-4CF7-97A8-3565CC81310A}.Ad-Hoc|iPhoneSimulator.ActiveCfg = Release|iPhoneSimulator
		{60EA692F-305A-4CF7-97A8-3565CC81310A}.AppStore|iPhone.ActiveCfg = Release|iPhone
		{60EA692F-305A-4CF7-97A8-3565CC81310A}.AppStore|iPhoneSimulator.ActiveCfg = Release|iPhoneSimulator
		{60EA692F-305A-4CF7-97A8-3565CC81310A}.Debug|iPhone.ActiveCfg = Debug|iPhone
		{60EA692F-305A-4CF7-97A8-3565CC81310A}.Debug|iPhone.Build.0 = Debug|iPhone
		{60EA692F-305A-4CF7-97A8-3565CC81310A}.Debug|iPhoneSimulator.ActiveCfg = Debug|iPhoneSimulator
		{60EA692F-305A-4CF7-97A8-3565CC81310A}.Debug|iPhoneSimulator.Build.0 = Debug|iPhoneSimulator
		{60EA692F-305A-4CF7-97A8-3565CC81310A}.Release|iPhone.ActiveCfg = Release|iPhone
		{60EA692F-305A-4CF7-97A8-3565CC81310A}.Release|iPhone.Build.0 = Release|iPhone
		{60EA692F-305A-4CF7-97A8-3565CC81310A}.Release|iPhoneSimulator.ActiveCfg = Release|iPhoneSimulator
		{60EA692F-305A-4CF7-97A8-3565CC81310A}.Release|iPhoneSimulator.Build.0 = Release|iPhoneSimulator
	EndGlobalSection
	GlobalSection(SolutionProperties) = preSolution
		HideSolutionNode = FALSE
	EndGlobalSection
	GlobalSection(ExtensibilityGlobals) = postSolution
		SolutionGuid = {3689B0D3-C33B-4BE1-A7BD-A5DEBFB67496}
	EndGlobalSection
	GlobalSection(MonoDevelopProperties) = preSolution
		StartupItem = MessageReader.iOS\MessageReader.iOS.csproj
	EndGlobalSection
EndGlobal
