
Microsoft Visual Studio Solution File, Format Version 12.00
# Visual Studio Version 17
VisualStudioVersion = 17.0.31903.59
MinimumVisualStudioVersion = 10.0.40219.1
Project("{9A19103F-16F7-4668-BE54-9A1E7A4F7556}") = "MimeAnalyzer", "MimeAnalyzer\MimeAnalyzer.csproj", "{3E1A0C5B-7D24-4F6A-9C88-5B1F2A9D6E41}"
EndProject
Project("{9A19103F-16F7-4668-BE54-9A1E7A4F7556}") = "MimeKit", "..\..\MimeKit\MimeKit.csproj", "{7B4E2A19-6C3D-4A85-B0F7-2D9E8C1A5B63}"
EndProject
Global
	GlobalSection(SolutionConfigurationPlatforms) = preSolution
		Debug|Any CPU = Debug|Any CPU
		Release|Any CPU = Release|Any CPU
	EndGlobalSection
	GlobalSection(ProjectConfigurationPlatforms) = postSolution
		{3E1A0C5B-7D24-4F6A-9C88-5B1F2A9D6E41}.Debug|Any CPU.ActiveCfg = Debug|Any CPU
		{3E1A0C5B-7D24-4F6A-9C88-5B1F2A9D6E41}.Debug|Any CPU.Build.0 = Debug|Any CPU
		{3E1A0C5B-7D24-4F6A-9C88-5B1F2A9D6E41}.Release|Any CPU.ActiveCfg = Release|Any CPU
		{3E1A0C5B-7D24-4F6A-9C88-5B1F2A9D6E41}.Release|Any CPU.Build.0 = Release|Any CPU
		{7B4E2A19-6C3D-4A85-B0F7-2D9E8C1A5B63}.Debug|Any CPU.ActiveCfg = Debug|Any CPU
		{7B4E2A19-6C3D-4A85-B0F7-2D9E8C1A5B63}.Debug|Any CPU.Build.0 = Debug|Any CPU
		{7B4E2A19-6C3D-4A85-B0F7-2D9E8C1A5B63}.Release|Any CPU.ActiveCfg = Release|Any CPU
		{7B4E2A19-6C3D-4A85-B0F7-2D9E8C1A5B63}.Release|Any CPU.Build.0 = Release|Any CPU
	EndGlobalSection
	GlobalSection(SolutionProperties) = preSolution
		HideSolutionNode = FALSE
	EndGlobalSection
EndGlobal
